
Microsoft Visual Studio Solution File, Format Version 12.00
# Visual Studio Version 17
VisualStudioVersion = 17.3.32901.215
MinimumVisualStudioVersion = 10.0.40219.1
Project("{FAE04EC0-301F-11D3-BF4B-00C04F79EFBC}") = "Final", "Final\Final.csproj", "{B942FA10-44AB-411E-9A42-1F66C7E0F948}"
EndProject
Project("{FAE04EC0-301F-11D3-BF4B-00C04F79EFBC}") = "ClassLibrary", "ClassLibrary\ClassLibrary.csproj", "{5EBE592F-C0B2-4CFE-87E6-3F8805B69222}"
EndProject
Global
	GlobalSection(SolutionConfigurationPlatforms) = preSolution
		Debug|Any CPU = Debug|Any CPU
		Release|Any CPU = Release|Any CPU
	EndGlobalSection
	GlobalSection(ProjectConfigurationPlatforms) = postSolution
		{B942FA10-44AB-411E-9A42-1F66C7E0F948}.Debug|Any CPU.ActiveCfg = Debug|Any CPU
		{B942FA10-44AB-411E-9A42-1F66C7E0F948}.Debug|Any CPU.Build.0 = Debug|Any CPU
		{B942FA10-44AB-411E-9A42-1F66C7E0F948}.Release|Any CPU.ActiveCfg = Release|Any CPU
		{B942FA10-44AB-411E-9A42-1F66C7E0F948}.Release|Any CPU.Build.0 = Release|Any CPU
		{5EBE592F-C0B2-4CFE-87E6-3F8805B69222}.Debug|Any CPU.ActiveCfg = Debug|Any CPU
		{5EBE592F-C0B2-4CFE-87E6-3F8805B69222}.Debug|Any CPU.Build.0 = Debug|Any CPU
		{5EBE592F-C0B2-4CFE-87E6-3F8805B69222}.Release|Any CPU.ActiveCfg = Release|Any CPU
		{5EBE592F-C0B2-4CFE-87E6-3F8805B69222}.Release|Any CPU.Build.0 = Release|Any CPU
	EndGlobalSection
	GlobalSection(SolutionProperties) = preSolution
		HideSolutionNode = FALSE
	EndGlobalSection
	GlobalSection(ExtensibilityGlobals) = postSolution
		SolutionGuid = {3CCDECD6-3821-40F4-823C-D2ABF23C174E}
	EndGlobalSection
EndGlobal
